
Microsoft Visual Studio Solution File, Format Version 12.00
# Visual Studio Version 17
VisualStudioVersion = 17.7.33808.371
MinimumVisualStudioVersion = 10.0.40219.1
Project("{9A19103F-16F7-4668-BE54-9A1E7A4F7556}") = "Algorithms.MaxInterval", "Algorithms.MaxInterval\Algorithms.MaxInterval.csproj", "{10C601F7-3A5B-4C28-964D-98E23646B372}"
EndProject
Project("{9A19103F-16F7-4668-BE54-9A1E7A4F7556}") = "Algorithms.MaxInterval.ConsoleTest", "Algorithms.MaxInterval.ConsoleTest\Algorithms.MaxInterval.ConsoleTest.csproj", "{C6CCB03F-C91F-4E7A-A301-35EE8F059C59}"
EndProject
Project("{9A19103F-16F7-4668-BE54-9A1E7A4F7556}") = "Algorithms.MaximumSubarray", "Algorithms.MaximumSubarray\Algorithms.MaximumSubarray.csproj", "{B4BEB54F-CF20-444B-BEA1-91FA65D4E1C0}"
EndProject
Project("{9A19103F-16F7-4668-BE54-9A1E7A4F7556}") = "Algorithms.Trees.BinaryTree", "Algorithms.Trees.BinaryTree\Algorithms.Trees.BinaryTree.csproj", "{13528842-9642-403D-8F2B-EFB9F993E410}"
EndProject
Project("{9A19103F-16F7-4668-BE54-9A1E7A4F7556}") = "Algorithms.Trees.BinaryTree.ConsoleTest", "Algorithms.Trees.BinaryTree.ConsoleTest\Algorithms.Trees.BinaryTree.ConsoleTest.csproj", "{7EBD42AF-C6C1-412E-80C2-930D2DE0F4E2}"
EndProject
Project("{FAE04EC0-301F-11D3-BF4B-00C04F79EFBC}") = "Algorithms.BinarySearch", "Algorithms.BinarySearch\Algorithms.BinarySearch.csproj", "{D848BCDF-CE60-4301-8A11-E37EB671674A}"
EndProject
Project("{FAE04EC0-301F-11D3-BF4B-00C04F79EFBC}") = "Algorithms.BinarySearch.ConsoleTest", "Algorithms.BinarySearch.ConsoleTest\Algorithms.BinarySearch.ConsoleTest.csproj", "{9433B76E-2CCE-427C-A03D-7B720DAAA56A}"
EndProject
Project("{FAE04EC0-301F-11D3-BF4B-00C04F79EFBC}") = "Algorithms.BubbleSort", "Algorithms.BubbleSort\Algorithms.BubbleSort.csproj", "{6C8F0EC6-80B2-4613-A6FD-A198B93C76F4}"
EndProject
Project("{FAE04EC0-301F-11D3-BF4B-00C04F79EFBC}") = "Algorithms.BubbleSort.ConsoleTest", "Algorithms.BubbleSort.ConsoleTest\Algorithms.BubbleSort.ConsoleTest.csproj", "{E4262319-1E54-4A1E-B1A0-FE68D1649898}"
EndProject
Global
	GlobalSection(SolutionConfigurationPlatforms) = preSolution
		Debug|Any CPU = Debug|Any CPU
		Release|Any CPU = Release|Any CPU
	EndGlobalSection
	GlobalSection(ProjectConfigurationPlatforms) = postSolution
		{10C601F7-3A5B-4C28-964D-98E23646B372}.Debug|Any CPU.ActiveCfg = Debug|Any CPU
		{10C601F7-3A5B-4C28-964D-98E23646B372}.Debug|Any CPU.Build.0 = Debug|Any CPU
		{10C601F7-3A5B-4C28-964D-98E23646B372}.Release|Any CPU.ActiveCfg = Release|Any CPU
		{10C601F7-3A5B-4C28-964D-98E23646B372}.Release|Any CPU.Build.0 = Release|Any CPU
		{C6CCB03F-C91F-4E7A-A301-35EE8F059C59}.Debug|Any CPU.ActiveCfg = Debug|Any CPU
		{C6CCB03F-C91F-4E7A-A301-35EE8F059C59}.Debug|Any CPU.Build.0 = Debug|Any CPU
		{C6CCB03F-C91F-4E7A-A301-35EE8F059C59}.Release|Any CPU.ActiveCfg = Release|Any CPU
		{C6CCB03F-C91F-4E7A-A301-35EE8F059C59}.Release|Any CPU.Build.0 = Release|Any CPU
		{B4BEB54F-CF20-444B-BEA1-91FA65D4E1C0}.Debug|Any CPU.ActiveCfg = Debug|Any CPU
		{B4BEB54F-CF20-444B-BEA1-91FA65D4E1C0}.Debug|Any CPU.Build.0 = Debug|Any CPU
		{B4BEB54F-CF20-444B-BEA1-91FA65D4E1C0}.Release|Any CPU.ActiveCfg = Release|Any CPU
		{B4BEB54F-CF20-444B-BEA1-91FA65D4E1C0}.Release|Any CPU.Build.0 = Release|Any CPU
		{13528842-9642-403D-8F2B-EFB9F993E410}.Debug|Any CPU.ActiveCfg = Debug|Any CPU
		{13528842-9642-403D-8F2B-EFB9F993E410}.Debug|Any CPU.Build.0 = Debug|Any CPU
		{13528842-9642-403D-8F2B-EFB9F993E410}.Release|Any CPU.ActiveCfg = Release|Any CPU
		{13528842-9642-403D-8F2B-EFB9F993E410}.Release|Any CPU.Build.0 = Release|Any CPU
		{7EBD42AF-C6C1-412E-80C2-930D2DE0F4E2}.Debug|Any CPU.ActiveCfg = Debug|Any CPU
		{7EBD42AF-C6C1-412E-80C2-930D2DE0F4E2}.Debug|Any CPU.Build.0 = Debug|Any CPU
		{7EBD42AF-C6C1-412E-80C2-930D2DE0F4E2}.Release|Any CPU.ActiveCfg = Release|Any CPU
		{7EBD42AF-C6C1-412E-80C2-930D2DE0F4E2}.Release|Any CPU.Build.0 = Release|Any CPU
		{D848BCDF-CE60-4301-8A11-E37EB671674A}.Debug|Any CPU.ActiveCfg = Debug|Any CPU
		{D848BCDF-CE60-4301-8A11-E37EB671674A}.Debug|Any CPU.Build.0 = Debug|Any CPU
		{D848BCDF-CE60-4301-8A11-E37EB671674A}.Release|Any CPU.ActiveCfg = Release|Any CPU
		{D848BCDF-CE60-4301-8A11-E37EB671674A}.Release|Any CPU.Build.0 = Release|Any CPU
		{9433B76E-2CCE-427C-A03D-7B720DAAA56A}.Debug|Any CPU.ActiveCfg = Debug|Any CPU
		{9433B76E-2CCE-427C-A03D-7B720DAAA56A}.Debug|Any CPU.Build.0 = Debug|Any CPU
		{9433B76E-2CCE-427C-A03D-7B720DAAA56A}.Release|Any CPU.ActiveCfg = Release|Any CPU
		{9433B76E-2CCE-427C-A03D-7B720DAAA56A}.Release|Any CPU.Build.0 = Release|Any CPU
		{6C8F0EC6-80B2-4613-A6FD-A198B93C76F4}.Debug|Any CPU.ActiveCfg = Debug|Any CPU
		{6C8F0EC6-80B2-4613-A6FD-A198B93C76F4}.Debug|Any CPU.Build.0 = Debug|Any CPU
		{6C8F0EC6-80B2-4613-A6FD-A198B93C76F4}.Release|Any CPU.ActiveCfg = Release|Any CPU
		{6C8F0EC6-80B2-4613-A6FD-A198B93C76F4}.Release|Any CPU.Build.0 = Release|Any CPU
		{E4262319-1E54-4A1E-B1A0-FE68D1649898}.Debug|Any CPU.ActiveCfg = Debug|Any CPU
		{E4262319-1E54-4A1E-B1A0-FE68D1649898}.Debug|Any CPU.Build.0 = Debug|Any CPU
		{E4262319-1E54-4A1E-B1A0-FE68D1649898}.Release|Any CPU.ActiveCfg = Release|Any CPU
		{E4262319-1E54-4A1E-B1A0-FE68D1649898}.Release|Any CPU.Build.0 = Release|Any CPU
	EndGlobalSection
	GlobalSection(SolutionProperties) = preSolution
		HideSolutionNode = FALSE
	EndGlobalSection
	GlobalSection(ExtensibilityGlobals) = postSolution
		SolutionGuid = {46D9AD29-11DE-4A9E-9439-34E8FEA1BE5E}
	EndGlobalSection
EndGlobal
