
Microsoft Visual Studio Solution File, Format Version 12.00
# Visual Studio Version 17
VisualStudioVersion = 17.7.33808.371
MinimumVisualStudioVersion = 10.0.40219.1
Project("{9A19103F-16F7-4668-BE54-9A1E7A4F7556}") = "Algorithms.MaxInterval", "Algorithms.MaxInterval\Algorithms.MaxInterval.csproj", "{10C601F7-3A5B-4C28-964D-98E23646B372}"
EndProject
Project("{9A19103F-16F7-4668-BE54-9A1E7A4F7556}") = "Algorithms.MaxInterval.ConsoleTest", "Algorithms.MaxInterval.ConsoleTest\Algorithms.MaxInterval.ConsoleTest.csproj", "{C6CCB03F-C91F-4E7A-A301-35EE8F059C59}"
EndProject
Project("{9A19103F-16F7-4668-BE54-9A1E7A4F7556}") = "Algorithms.MaximumSubarray", "Algorithms.MaximumSubarray\Algorithms.MaximumSubarray.csproj", "{B4BEB54F-CF20-444B-BEA1-91FA65D4E1C0}"
EndProject
Project("{9A19103F-16F7-4668-BE54-9A1E7A4F7556}") = "Algorithms.Trees.BinaryTree", "Algorithms.Trees.BinaryTree\Algorithms.Trees.BinaryTree.csproj", "{13528842-9642-403D-8F2B-EFB9F993E410}"
EndProject
Project("{9A19103F-16F7-4668-BE54-9A1E7A4F7556}") = "Algorithms.Trees.BinaryTree.ConsoleTest", "Algorithms.Trees.BinaryTree.ConsoleTest\Algorithms.Trees.BinaryTree.ConsoleTest.csproj", "{7EBD42AF-C6C1-412E-80C2-930D2DE0F4E2}"
EndProject
Project("{9A19103F-16F7-4668-BE54-9A1E7A4F7556}") = "Algorithms.BinarySearch", "Algorithms.BinarySearch\Algorithms.BinarySearch.csproj", "{D848BCDF-CE60-4301-8A11-E37EB671674A}"
EndProject
Project("{9A19103F-16F7-4668-BE54-9A1E7A4F7556}") = "Algorithms.BinarySearch.ConsoleTest", "Algorithms.BinarySearch.ConsoleTest\Algorithms.BinarySearch.ConsoleTest.csproj", "{9433B76E-2CCE-427C-A03D-7B720DAAA56A}"
EndProject
Project("{9A19103F-16F7-4668-BE54-9A1E7A4F7556}") = "Algorithms.BubbleSort", "Algorithms.BubbleSort\Algorithms.BubbleSort.csproj", "{6C8F0EC6-80B2-4613-A6FD-A198B93C76F4}"
EndProject
Project("{9A19103F-16F7-4668-BE54-9A1E7A4F7556}") = "Algorithms.BubbleSort.ConsoleTest", "Algorithms.BubbleSort.ConsoleTest\Algorithms.BubbleSort.ConsoleTest.csproj", "{E4262319-1E54-4A1E-B1A0-FE68D1649898}"
EndProject
Project("{9A19103F-16F7-4668-BE54-9A1E7A4F7556}") = "Algorithms.SelectionSort", "Algorithms.SelectionSort\Algorithms.SelectionSort.csproj", "{8ACAA13E-896D-477A-B8A2-6A3E6FAE4052}"
EndProject
Project("{9A19103F-16F7-4668-BE54-9A1E7A4F7556}") = "Algorithms.SelectionSort.ConsoleTest", "Algorithms.SelectionSort.ConsoleTest\Algorithms.SelectionSort.ConsoleTest.csproj", "{68DB400E-0A3C-4F10-B5BB-AEC5D5DAC9F2}"
EndProject
Project("{9A19103F-16F7-4668-BE54-9A1E7A4F7556}") = "Algorithms.InsertionSort", "Algorithms.InsertionSort\Algorithms.InsertionSort.csproj", "{71A90ABB-AA4E-40E4-A313-2F3A45C5590A}"
EndProject
Project("{9A19103F-16F7-4668-BE54-9A1E7A4F7556}") = "Algorithms.InsertionSort.ConsoleTest", "Algorithms.InsertionSort.ConsoleTest\Algorithms.InsertionSort.ConsoleTest.csproj", "{F2731AD1-51EE-457B-A827-0224225D98AB}"
EndProject
Project("{9A19103F-16F7-4668-BE54-9A1E7A4F7556}") = "Algorithms.MergeSort", "Algorithms.MergeSort\Algorithms.MergeSort.csproj", "{E0380464-C057-4DFC-B106-DF5D664BE8F2}"
EndProject
Project("{9A19103F-16F7-4668-BE54-9A1E7A4F7556}") = "Algorithms.MergeSort.ConsoleTest", "Algorithms.MergeSort.ConsoleTest\Algorithms.MergeSort.ConsoleTest.csproj", "{7A46D234-994F-4765-BEC7-F4C9C402EAE8}"
EndProject
Project("{9A19103F-16F7-4668-BE54-9A1E7A4F7556}") = "Algorithms.QuickSort", "Algorithms.QuickSort\Algorithms.QuickSort.csproj", "{7469EBC3-0F11-4FFD-9AB6-41647FC99A6A}"
EndProject
Project("{9A19103F-16F7-4668-BE54-9A1E7A4F7556}") = "Algorithms.QuickSort.ConsoleTest", "Algorithms.QuickSort.ConsoleTest\Algorithms.QuickSort.ConsoleTest.csproj", "{4AEF0FE5-B611-4826-8B31-0CC27FD82587}"
EndProject
Project("{9A19103F-16F7-4668-BE54-9A1E7A4F7556}") = "Algorithms.ZigZagConversion", "Algorithms.ZigZagConversion\Algorithms.ZigZagConversion.csproj", "{F0CC7183-3EAE-4AD0-84A1-AC585C141E97}"
EndProject
Project("{9A19103F-16F7-4668-BE54-9A1E7A4F7556}") = "Algorithms.LengthOfLongestSubstring", "Algorithms.LengthOfLongestSubstring\Algorithms.LengthOfLongestSubstring.csproj", "{CECA466F-02CE-4E32-BC75-AB998F9AE873}"
EndProject
Project("{9A19103F-16F7-4668-BE54-9A1E7A4F7556}") = "Algorithms.MergeKSortedLists", "Algorithms.MergeKSortedLists\Algorithms.MergeKSortedLists.csproj", "{4F6E5F45-9530-4034-8DC1-914C5E432284}"
EndProject
Project("{FAE04EC0-301F-11D3-BF4B-00C04F79EFBC}") = "Algorithms.TextJustification", "Algorithms.TextJustification\Algorithms.TextJustification.csproj", "{FD2E733E-7797-458C-90E1-8900325D2403}"
EndProject
Project("{FAE04EC0-301F-11D3-BF4B-00C04F79EFBC}") = "Algorithms.StringToInteger", "Algorithms.StringToInteger\Algorithms.StringToInteger.csproj", "{55BC37CD-2DD6-4B64-BE1A-EEFD5F0575B1}"
EndProject
Global
	GlobalSection(SolutionConfigurationPlatforms) = preSolution
		Debug|Any CPU = Debug|Any CPU
		Release|Any CPU = Release|Any CPU
	EndGlobalSection
	GlobalSection(ProjectConfigurationPlatforms) = postSolution
		{10C601F7-3A5B-4C28-964D-98E23646B372}.Debug|Any CPU.ActiveCfg = Debug|Any CPU
		{10C601F7-3A5B-4C28-964D-98E23646B372}.Debug|Any CPU.Build.0 = Debug|Any CPU
		{10C601F7-3A5B-4C28-964D-98E23646B372}.Release|Any CPU.ActiveCfg = Release|Any CPU
		{10C601F7-3A5B-4C28-964D-98E23646B372}.Release|Any CPU.Build.0 = Release|Any CPU
		{C6CCB03F-C91F-4E7A-A301-35EE8F059C59}.Debug|Any CPU.ActiveCfg = Debug|Any CPU
		{C6CCB03F-C91F-4E7A-A301-35EE8F059C59}.Debug|Any CPU.Build.0 = Debug|Any CPU
		{C6CCB03F-C91F-4E7A-A301-35EE8F059C59}.Release|Any CPU.ActiveCfg = Release|Any CPU
		{C6CCB03F-C91F-4E7A-A301-35EE8F059C59}.Release|Any CPU.Build.0 = Release|Any CPU
		{B4BEB54F-CF20-444B-BEA1-91FA65D4E1C0}.Debug|Any CPU.ActiveCfg = Debug|Any CPU
		{B4BEB54F-CF20-444B-BEA1-91FA65D4E1C0}.Debug|Any CPU.Build.0 = Debug|Any CPU
		{B4BEB54F-CF20-444B-BEA1-91FA65D4E1C0}.Release|Any CPU.ActiveCfg = Release|Any CPU
		{B4BEB54F-CF20-444B-BEA1-91FA65D4E1C0}.Release|Any CPU.Build.0 = Release|Any CPU
		{13528842-9642-403D-8F2B-EFB9F993E410}.Debug|Any CPU.ActiveCfg = Debug|Any CPU
		{13528842-9642-403D-8F2B-EFB9F993E410}.Debug|Any CPU.Build.0 = Debug|Any CPU
		{13528842-9642-403D-8F2B-EFB9F993E410}.Release|Any CPU.ActiveCfg = Release|Any CPU
		{13528842-9642-403D-8F2B-EFB9F993E410}.Release|Any CPU.Build.0 = Release|Any CPU
		{7EBD42AF-C6C1-412E-80C2-930D2DE0F4E2}.Debug|Any CPU.ActiveCfg = Debug|Any CPU
		{7EBD42AF-C6C1-412E-80C2-930D2DE0F4E2}.Debug|Any CPU.Build.0 = Debug|Any CPU
		{7EBD42AF-C6C1-412E-80C2-930D2DE0F4E2}.Release|Any CPU.ActiveCfg = Release|Any CPU
		{7EBD42AF-C6C1-412E-80C2-930D2DE0F4E2}.Release|Any CPU.Build.0 = Release|Any CPU
		{D848BCDF-CE60-4301-8A11-E37EB671674A}.Debug|Any CPU.ActiveCfg = Debug|Any CPU
		{D848BCDF-CE60-4301-8A11-E37EB671674A}.Debug|Any CPU.Build.0 = Debug|Any CPU
		{D848BCDF-CE60-4301-8A11-E37EB671674A}.Release|Any CPU.ActiveCfg = Release|Any CPU
		{D848BCDF-CE60-4301-8A11-E37EB671674A}.Release|Any CPU.Build.0 = Release|Any CPU
		{9433B76E-2CCE-427C-A03D-7B720DAAA56A}.Debug|Any CPU.ActiveCfg = Debug|Any CPU
		{9433B76E-2CCE-427C-A03D-7B720DAAA56A}.Debug|Any CPU.Build.0 = Debug|Any CPU
		{9433B76E-2CCE-427C-A03D-7B720DAAA56A}.Release|Any CPU.ActiveCfg = Release|Any CPU
		{9433B76E-2CCE-427C-A03D-7B720DAAA56A}.Release|Any CPU.Build.0 = Release|Any CPU
		{6C8F0EC6-80B2-4613-A6FD-A198B93C76F4}.Debug|Any CPU.ActiveCfg = Debug|Any CPU
		{6C8F0EC6-80B2-4613-A6FD-A198B93C76F4}.Debug|Any CPU.Build.0 = Debug|Any CPU
		{6C8F0EC6-80B2-4613-A6FD-A198B93C76F4}.Release|Any CPU.ActiveCfg = Release|Any CPU
		{6C8F0EC6-80B2-4613-A6FD-A198B93C76F4}.Release|Any CPU.Build.0 = Release|Any CPU
		{E4262319-1E54-4A1E-B1A0-FE68D1649898}.Debug|Any CPU.ActiveCfg = Debug|Any CPU
		{E4262319-1E54-4A1E-B1A0-FE68D1649898}.Debug|Any CPU.Build.0 = Debug|Any CPU
		{E4262319-1E54-4A1E-B1A0-FE68D1649898}.Release|Any CPU.ActiveCfg = Release|Any CPU
		{E4262319-1E54-4A1E-B1A0-FE68D1649898}.Release|Any CPU.Build.0 = Release|Any CPU
		{8ACAA13E-896D-477A-B8A2-6A3E6FAE4052}.Debug|Any CPU.ActiveCfg = Debug|Any CPU
		{8ACAA13E-896D-477A-B8A2-6A3E6FAE4052}.Debug|Any CPU.Build.0 = Debug|Any CPU
		{8ACAA13E-896D-477A-B8A2-6A3E6FAE4052}.Release|Any CPU.ActiveCfg = Release|Any CPU
		{8ACAA13E-896D-477A-B8A2-6A3E6FAE4052}.Release|Any CPU.Build.0 = Release|Any CPU
		{68DB400E-0A3C-4F10-B5BB-AEC5D5DAC9F2}.Debug|Any CPU.ActiveCfg = Debug|Any CPU
		{68DB400E-0A3C-4F10-B5BB-AEC5D5DAC9F2}.Debug|Any CPU.Build.0 = Debug|Any CPU
		{68DB400E-0A3C-4F10-B5BB-AEC5D5DAC9F2}.Release|Any CPU.ActiveCfg = Release|Any CPU
		{68DB400E-0A3C-4F10-B5BB-AEC5D5DAC9F2}.Release|Any CPU.Build.0 = Release|Any CPU
		{71A90ABB-AA4E-40E4-A313-2F3A45C5590A}.Debug|Any CPU.ActiveCfg = Debug|Any CPU
		{71A90ABB-AA4E-40E4-A313-2F3A45C5590A}.Debug|Any CPU.Build.0 = Debug|Any CPU
		{71A90ABB-AA4E-40E4-A313-2F3A45C5590A}.Release|Any CPU.ActiveCfg = Release|Any CPU
		{71A90ABB-AA4E-40E4-A313-2F3A45C5590A}.Release|Any CPU.Build.0 = Release|Any CPU
		{F2731AD1-51EE-457B-A827-0224225D98AB}.Debug|Any CPU.ActiveCfg = Debug|Any CPU
		{F2731AD1-51EE-457B-A827-0224225D98AB}.Debug|Any CPU.Build.0 = Debug|Any CPU
		{F2731AD1-51EE-457B-A827-0224225D98AB}.Release|Any CPU.ActiveCfg = Release|Any CPU
		{F2731AD1-51EE-457B-A827-0224225D98AB}.Release|Any CPU.Build.0 = Release|Any CPU
		{E0380464-C057-4DFC-B106-DF5D664BE8F2}.Debug|Any CPU.ActiveCfg = Debug|Any CPU
		{E0380464-C057-4DFC-B106-DF5D664BE8F2}.Debug|Any CPU.Build.0 = Debug|Any CPU
		{E0380464-C057-4DFC-B106-DF5D664BE8F2}.Release|Any CPU.ActiveCfg = Release|Any CPU
		{E0380464-C057-4DFC-B106-DF5D664BE8F2}.Release|Any CPU.Build.0 = Release|Any CPU
		{7A46D234-994F-4765-BEC7-F4C9C402EAE8}.Debug|Any CPU.ActiveCfg = Debug|Any CPU
		{7A46D234-994F-4765-BEC7-F4C9C402EAE8}.Debug|Any CPU.Build.0 = Debug|Any CPU
		{7A46D234-994F-4765-BEC7-F4C9C402EAE8}.Release|Any CPU.ActiveCfg = Release|Any CPU
		{7A46D234-994F-4765-BEC7-F4C9C402EAE8}.Release|Any CPU.Build.0 = Release|Any CPU
		{7469EBC3-0F11-4FFD-9AB6-41647FC99A6A}.Debug|Any CPU.ActiveCfg = Debug|Any CPU
		{7469EBC3-0F11-4FFD-9AB6-41647FC99A6A}.Debug|Any CPU.Build.0 = Debug|Any CPU
		{7469EBC3-0F11-4FFD-9AB6-41647FC99A6A}.Release|Any CPU.ActiveCfg = Release|Any CPU
		{7469EBC3-0F11-4FFD-9AB6-41647FC99A6A}.Release|Any CPU.Build.0 = Release|Any CPU
		{4AEF0FE5-B611-4826-8B31-0CC27FD82587}.Debug|Any CPU.ActiveCfg = Debug|Any CPU
		{4AEF0FE5-B611-4826-8B31-0CC27FD82587}.Debug|Any CPU.Build.0 = Debug|Any CPU
		{4AEF0FE5-B611-4826-8B31-0CC27FD82587}.Release|Any CPU.ActiveCfg = Release|Any CPU
		{4AEF0FE5-B611-4826-8B31-0CC27FD82587}.Release|Any CPU.Build.0 = Release|Any CPU
		{F0CC7183-3EAE-4AD0-84A1-AC585C141E97}.Debug|Any CPU.ActiveCfg = Debug|Any CPU
		{F0CC7183-3EAE-4AD0-84A1-AC585C141E97}.Debug|Any CPU.Build.0 = Debug|Any CPU
		{F0CC7183-3EAE-4AD0-84A1-AC585C141E97}.Release|Any CPU.ActiveCfg = Release|Any CPU
		{F0CC7183-3EAE-4AD0-84A1-AC585C141E97}.Release|Any CPU.Build.0 = Release|Any CPU
		{CECA466F-02CE-4E32-BC75-AB998F9AE873}.Debug|Any CPU.ActiveCfg = Debug|Any CPU
		{CECA466F-02CE-4E32-BC75-AB998F9AE873}.Debug|Any CPU.Build.0 = Debug|Any CPU
		{CECA466F-02CE-4E32-BC75-AB998F9AE873}.Release|Any CPU.ActiveCfg = Release|Any CPU
		{CECA466F-02CE-4E32-BC75-AB998F9AE873}.Release|Any CPU.Build.0 = Release|Any CPU
		{4F6E5F45-9530-4034-8DC1-914C5E432284}.Debug|Any CPU.ActiveCfg = Debug|Any CPU
		{4F6E5F45-9530-4034-8DC1-914C5E432284}.Debug|Any CPU.Build.0 = Debug|Any CPU
		{4F6E5F45-9530-4034-8DC1-914C5E432284}.Release|Any CPU.ActiveCfg = Release|Any CPU
		{4F6E5F45-9530-4034-8DC1-914C5E432284}.Release|Any CPU.Build.0 = Release|Any CPU
		{FD2E733E-7797-458C-90E1-8900325D2403}.Debug|Any CPU.ActiveCfg = Debug|Any CPU
		{FD2E733E-7797-458C-90E1-8900325D2403}.Debug|Any CPU.Build.0 = Debug|Any CPU
		{FD2E733E-7797-458C-90E1-8900325D2403}.Release|Any CPU.ActiveCfg = Release|Any CPU
		{FD2E733E-7797-458C-90E1-8900325D2403}.Release|Any CPU.Build.0 = Release|Any CPU
		{55BC37CD-2DD6-4B64-BE1A-EEFD5F0575B1}.Debug|Any CPU.ActiveCfg = Debug|Any CPU
		{55BC37CD-2DD6-4B64-BE1A-EEFD5F0575B1}.Debug|Any CPU.Build.0 = Debug|Any CPU
		{55BC37CD-2DD6-4B64-BE1A-EEFD5F0575B1}.Release|Any CPU.ActiveCfg = Release|Any CPU
		{55BC37CD-2DD6-4B64-BE1A-EEFD5F0575B1}.Release|Any CPU.Build.0 = Release|Any CPU
	EndGlobalSection
	GlobalSection(SolutionProperties) = preSolution
		HideSolutionNode = FALSE
	EndGlobalSection
	GlobalSection(ExtensibilityGlobals) = postSolution
		SolutionGuid = {46D9AD29-11DE-4A9E-9439-34E8FEA1BE5E}
	EndGlobalSection
EndGlobal
